
Microsoft Visual Studio Solution File, Format Version 12.00
# Visual Studio Version 17
VisualStudioVersion = 17.0.32126.317
MinimumVisualStudioVersion = 10.0.40219.1
Project("{FAE04EC0-301F-11D3-BF4B-00C04F79EFBC}") = "HRApp", "HRApp\HRApp.csproj", "{2742D583-7D2C-4A3E-B9AA-DCC6EC79895B}"
EndProject
Global
	GlobalSection(SolutionConfigurationPlatforms) = preSolution
		Debug|Any CPU = Debug|Any CPU
		Release|Any CPU = Release|Any CPU
	EndGlobalSection
	GlobalSection(ProjectConfigurationPlatforms) = postSolution
		{2742D583-7D2C-4A3E-B9AA-DCC6EC79895B}.Debug|Any CPU.ActiveCfg = Debug|Any CPU
		{2742D583-7D2C-4A3E-B9AA-DCC6EC79895B}.Debug|Any CPU.Build.0 = Debug|Any CPU
		{2742D583-7D2C-4A3E-B9AA-DCC6EC79895B}.Release|Any CPU.ActiveCfg = Release|Any CPU
		{2742D583-7D2C-4A3E-B9AA-DCC6EC79895B}.Release|Any CPU.Build.0 = Release|Any CPU
	EndGlobalSection
	GlobalSection(SolutionProperties) = preSolution
		HideSolutionNode = FALSE
	EndGlobalSection
	GlobalSection(ExtensibilityGlobals) = postSolution
		SolutionGuid = {FB977B7D-BB75-4D15-BA9C-15C8FAC67E31}
	EndGlobalSection
EndGlobal
